
Microsoft Visual Studio Solution File, Format Version 12.00
# Visual Studio Version 16
VisualStudioVersion = 16.0.29326.143
MinimumVisualStudioVersion = 10.0.40219.1
Project("{FAE04EC0-301F-11D3-BF4B-00C04F79EFBC}") = "PA6", "PA6\PA6.csproj", "{28EAE409-44F2-439A-B591-1CD3533ADAFF}"
EndProject
Global
	GlobalSection(SolutionConfigurationPlatforms) = preSolution
		Debug|Any CPU = Debug|Any CPU
		Release|Any CPU = Release|Any CPU
	EndGlobalSection
	GlobalSection(ProjectConfigurationPlatforms) = postSolution
		{28EAE409-44F2-439A-B591-1CD3533ADAFF}.Debug|Any CPU.ActiveCfg = Debug|Any CPU
		{28EAE409-44F2-439A-B591-1CD3533ADAFF}.Debug|Any CPU.Build.0 = Debug|Any CPU
		{28EAE409-44F2-439A-B591-1CD3533ADAFF}.Release|Any CPU.ActiveCfg = Release|Any CPU
		{28EAE409-44F2-439A-B591-1CD3533ADAFF}.Release|Any CPU.Build.0 = Release|Any CPU
	EndGlobalSection
	GlobalSection(SolutionProperties) = preSolution
		HideSolutionNode = FALSE
	EndGlobalSection
	GlobalSection(ExtensibilityGlobals) = postSolution
		SolutionGuid = {0093F371-9B73-4196-A8CE-3B075DF4ED14}
	EndGlobalSection
EndGlobal
